// !$*UTF8*$!
{
	archiveVersion = 1;
	classes = {
	};
	objectVersion = 56;
	objects = {

/* Begin PBXBuildFile section */
		876617692DFB0C2A008001B4 /* FinanceTamerApp.swift in Sources */ = {isa = PBXBuildFile; fileRef = 876617682DFB0C2A008001B4 /* FinanceTamerApp.swift */; };
		8766176B2DFB0C2A008001B4 /* ContentView.swift in Sources */ = {isa = PBXBuildFile; fileRef = 8766176A2DFB0C2A008001B4 /* ContentView.swift */; };
		8766176D2DFB0C2C008001B4 /* Assets.xcassets in Resources */ = {isa = PBXBuildFile; fileRef = 8766176C2DFB0C2C008001B4 /* Assets.xcassets */; };
		876617702DFB0C2C008001B4 /* Preview Assets.xcassets in Resources */ = {isa = PBXBuildFile; fileRef = 8766176F2DFB0C2C008001B4 /* Preview Assets.xcassets */; };
		8766177B2DFB199D008001B4 /* Direction.swift in Sources */ = {isa = PBXBuildFile; fileRef = 8766177A2DFB199D008001B4 /* Direction.swift */; };
		8766177D2DFB19C2008001B4 /* Category.swift in Sources */ = {isa = PBXBuildFile; fileRef = 8766177C2DFB19C2008001B4 /* Category.swift */; };
		8766177F2DFB4798008001B4 /* BankAccount.swift in Sources */ = {isa = PBXBuildFile; fileRef = 8766177E2DFB4797008001B4 /* BankAccount.swift */; };
		876617812DFB529B008001B4 /* Transaction.swift in Sources */ = {isa = PBXBuildFile; fileRef = 876617802DFB529B008001B4 /* Transaction.swift */; };
		876617832DFB7B1B008001B4 /* Transaction+JSON.swift in Sources */ = {isa = PBXBuildFile; fileRef = 876617822DFB7B1B008001B4 /* Transaction+JSON.swift */; };
		876617852DFB7F05008001B4 /* TransactionsFileCache.swift in Sources */ = {isa = PBXBuildFile; fileRef = 876617842DFB7F05008001B4 /* TransactionsFileCache.swift */; };
		876617872DFB8231008001B4 /* CategoriesService.swift in Sources */ = {isa = PBXBuildFile; fileRef = 876617862DFB8231008001B4 /* CategoriesService.swift */; };
		876617892DFB8DB7008001B4 /* BankAccountsService.swift in Sources */ = {isa = PBXBuildFile; fileRef = 876617882DFB8DB7008001B4 /* BankAccountsService.swift */; };
		8766178B2DFB917F008001B4 /* TransactionsService.swift in Sources */ = {isa = PBXBuildFile; fileRef = 8766178A2DFB917F008001B4 /* TransactionsService.swift */; };
		8766178D2DFB971E008001B4 /* Transaction+CSV.swift in Sources */ = {isa = PBXBuildFile; fileRef = 8766178C2DFB971E008001B4 /* Transaction+CSV.swift */; };
		876617982DFB9A00008001B4 /* FinanceTamerTests.swift in Sources */ = {isa = PBXBuildFile; fileRef = 876617972DFB9A00008001B4 /* FinanceTamerTests.swift */; };
		8766179F2DFB9A1B008001B4 /* TransactionTests.swift in Sources */ = {isa = PBXBuildFile; fileRef = 8766179E2DFB9A1B008001B4 /* TransactionTests.swift */; };
		87B750482E05B19B000C66F2 /* AppErrors.swift in Sources */ = {isa = PBXBuildFile; fileRef = 87B750472E05B196000C66F2 /* AppErrors.swift */; };
		87B7504A2E05B1A4000C66F2 /* ParsingErrors.swift in Sources */ = {isa = PBXBuildFile; fileRef = 87B750492E05B1A2000C66F2 /* ParsingErrors.swift */; };
		87B7504E2E05D91A000C66F2 /* FileErrors.swift in Sources */ = {isa = PBXBuildFile; fileRef = 87B7504D2E05D902000C66F2 /* FileErrors.swift */; };
		87B750502E060BF5000C66F2 /* Currency.swift in Sources */ = {isa = PBXBuildFile; fileRef = 87B7504F2E060BE8000C66F2 /* Currency.swift */; };
/* End PBXBuildFile section */

/* Begin PBXContainerItemProxy section */
		876617992DFB9A00008001B4 /* PBXContainerItemProxy */ = {
			isa = PBXContainerItemProxy;
			containerPortal = 8766175D2DFB0C2A008001B4 /* Project object */;
			proxyType = 1;
			remoteGlobalIDString = 876617642DFB0C2A008001B4;
			remoteInfo = FinanceTamer;
		};
/* End PBXContainerItemProxy section */

/* Begin PBXFileReference section */
		876617652DFB0C2A008001B4 /* FinanceTamer.app */ = {isa = PBXFileReference; explicitFileType = wrapper.application; includeInIndex = 0; path = FinanceTamer.app; sourceTree = BUILT_PRODUCTS_DIR; };
		876617682DFB0C2A008001B4 /* FinanceTamerApp.swift */ = {isa = PBXFileReference; lastKnownFileType = sourcecode.swift; path = FinanceTamerApp.swift; sourceTree = "<group>"; };
		8766176A2DFB0C2A008001B4 /* ContentView.swift */ = {isa = PBXFileReference; lastKnownFileType = sourcecode.swift; path = ContentView.swift; sourceTree = "<group>"; };
		8766176C2DFB0C2C008001B4 /* Assets.xcassets */ = {isa = PBXFileReference; lastKnownFileType = folder.assetcatalog; path = Assets.xcassets; sourceTree = "<group>"; };
		8766176F2DFB0C2C008001B4 /* Preview Assets.xcassets */ = {isa = PBXFileReference; lastKnownFileType = folder.assetcatalog; path = "Preview Assets.xcassets"; sourceTree = "<group>"; };
		8766177A2DFB199D008001B4 /* Direction.swift */ = {isa = PBXFileReference; lastKnownFileType = sourcecode.swift; path = Direction.swift; sourceTree = "<group>"; };
		8766177C2DFB19C2008001B4 /* Category.swift */ = {isa = PBXFileReference; lastKnownFileType = sourcecode.swift; path = Category.swift; sourceTree = "<group>"; };
		8766177E2DFB4797008001B4 /* BankAccount.swift */ = {isa = PBXFileReference; lastKnownFileType = sourcecode.swift; path = BankAccount.swift; sourceTree = "<group>"; };
		876617802DFB529B008001B4 /* Transaction.swift */ = {isa = PBXFileReference; lastKnownFileType = sourcecode.swift; path = Transaction.swift; sourceTree = "<group>"; };
		876617822DFB7B1B008001B4 /* Transaction+JSON.swift */ = {isa = PBXFileReference; lastKnownFileType = sourcecode.swift; path = "Transaction+JSON.swift"; sourceTree = "<group>"; };
		876617842DFB7F05008001B4 /* TransactionsFileCache.swift */ = {isa = PBXFileReference; lastKnownFileType = sourcecode.swift; path = TransactionsFileCache.swift; sourceTree = "<group>"; };
		876617862DFB8231008001B4 /* CategoriesService.swift */ = {isa = PBXFileReference; lastKnownFileType = sourcecode.swift; path = CategoriesService.swift; sourceTree = "<group>"; };
		876617882DFB8DB7008001B4 /* BankAccountsService.swift */ = {isa = PBXFileReference; lastKnownFileType = sourcecode.swift; path = BankAccountsService.swift; sourceTree = "<group>"; };
		8766178A2DFB917F008001B4 /* TransactionsService.swift */ = {isa = PBXFileReference; lastKnownFileType = sourcecode.swift; path = TransactionsService.swift; sourceTree = "<group>"; };
		8766178C2DFB971E008001B4 /* Transaction+CSV.swift */ = {isa = PBXFileReference; lastKnownFileType = sourcecode.swift; path = "Transaction+CSV.swift"; sourceTree = "<group>"; };
		876617952DFB9A00008001B4 /* FinanceTamerTests.xctest */ = {isa = PBXFileReference; explicitFileType = wrapper.cfbundle; includeInIndex = 0; path = FinanceTamerTests.xctest; sourceTree = BUILT_PRODUCTS_DIR; };
		876617972DFB9A00008001B4 /* FinanceTamerTests.swift */ = {isa = PBXFileReference; lastKnownFileType = sourcecode.swift; path = FinanceTamerTests.swift; sourceTree = "<group>"; };
		8766179E2DFB9A1B008001B4 /* TransactionTests.swift */ = {isa = PBXFileReference; lastKnownFileType = sourcecode.swift; path = TransactionTests.swift; sourceTree = "<group>"; };
		87B750472E05B196000C66F2 /* AppErrors.swift */ = {isa = PBXFileReference; lastKnownFileType = sourcecode.swift; path = AppErrors.swift; sourceTree = "<group>"; };
		87B750492E05B1A2000C66F2 /* ParsingErrors.swift */ = {isa = PBXFileReference; lastKnownFileType = sourcecode.swift; path = ParsingErrors.swift; sourceTree = "<group>"; };
		87B7504D2E05D902000C66F2 /* FileErrors.swift */ = {isa = PBXFileReference; lastKnownFileType = sourcecode.swift; path = FileErrors.swift; sourceTree = "<group>"; };
		87B7504F2E060BE8000C66F2 /* Currency.swift */ = {isa = PBXFileReference; lastKnownFileType = sourcecode.swift; path = Currency.swift; sourceTree = "<group>"; };
/* End PBXFileReference section */

/* Begin PBXFrameworksBuildPhase section */
		876617622DFB0C2A008001B4 /* Frameworks */ = {
			isa = PBXFrameworksBuildPhase;
			buildActionMask = 2147483647;
			files = (
			);
			runOnlyForDeploymentPostprocessing = 0;
		};
		876617922DFB9A00008001B4 /* Frameworks */ = {
			isa = PBXFrameworksBuildPhase;
			buildActionMask = 2147483647;
			files = (
			);
			runOnlyForDeploymentPostprocessing = 0;
		};
/* End PBXFrameworksBuildPhase section */

/* Begin PBXGroup section */
		8766175C2DFB0C29008001B4 = {
			isa = PBXGroup;
			children = (
				876617672DFB0C2A008001B4 /* FinanceTamer */,
				876617962DFB9A00008001B4 /* FinanceTamerTests */,
				876617662DFB0C2A008001B4 /* Products */,
			);
			sourceTree = "<group>";
		};
		876617662DFB0C2A008001B4 /* Products */ = {
			isa = PBXGroup;
			children = (
				876617652DFB0C2A008001B4 /* FinanceTamer.app */,
				876617952DFB9A00008001B4 /* FinanceTamerTests.xctest */,
			);
			name = Products;
			sourceTree = "<group>";
		};
		876617672DFB0C2A008001B4 /* FinanceTamer */ = {
			isa = PBXGroup;
			children = (
				87B750462E05B178000C66F2 /* Errors */,
				876617792DFB1928008001B4 /* Utilities */,
				876617782DFB1917008001B4 /* Extensions */,
				876617772DFB1906008001B4 /* Services */,
				876617762DFB18F3008001B4 /* Models */,
				876617682DFB0C2A008001B4 /* FinanceTamerApp.swift */,
				8766176A2DFB0C2A008001B4 /* ContentView.swift */,
				8766176C2DFB0C2C008001B4 /* Assets.xcassets */,
				8766176E2DFB0C2C008001B4 /* Preview Content */,
			);
			path = FinanceTamer;
			sourceTree = "<group>";
		};
		8766176E2DFB0C2C008001B4 /* Preview Content */ = {
			isa = PBXGroup;
			children = (
				8766176F2DFB0C2C008001B4 /* Preview Assets.xcassets */,
			);
			path = "Preview Content";
			sourceTree = "<group>";
		};
		876617762DFB18F3008001B4 /* Models */ = {
			isa = PBXGroup;
			children = (
				87B7504F2E060BE8000C66F2 /* Currency.swift */,
				8766177A2DFB199D008001B4 /* Direction.swift */,
				8766177C2DFB19C2008001B4 /* Category.swift */,
				8766177E2DFB4797008001B4 /* BankAccount.swift */,
				876617802DFB529B008001B4 /* Transaction.swift */,
			);
			path = Models;
			sourceTree = "<group>";
		};
		876617772DFB1906008001B4 /* Services */ = {
			isa = PBXGroup;
			children = (
				876617842DFB7F05008001B4 /* TransactionsFileCache.swift */,
				876617862DFB8231008001B4 /* CategoriesService.swift */,
				876617882DFB8DB7008001B4 /* BankAccountsService.swift */,
				8766178A2DFB917F008001B4 /* TransactionsService.swift */,
			);
			path = Services;
			sourceTree = "<group>";
		};
		876617782DFB1917008001B4 /* Extensions */ = {
			isa = PBXGroup;
			children = (
				876617822DFB7B1B008001B4 /* Transaction+JSON.swift */,
				8766178C2DFB971E008001B4 /* Transaction+CSV.swift */,
			);
			path = Extensions;
			sourceTree = "<group>";
		};
		876617792DFB1928008001B4 /* Utilities */ = {
			isa = PBXGroup;
			children = (
			);
			path = Utilities;
			sourceTree = "<group>";
		};
		876617962DFB9A00008001B4 /* FinanceTamerTests */ = {
			isa = PBXGroup;
			children = (
				876617972DFB9A00008001B4 /* FinanceTamerTests.swift */,
				8766179E2DFB9A1B008001B4 /* TransactionTests.swift */,
			);
			path = FinanceTamerTests;
			sourceTree = "<group>";
		};
		87B750462E05B178000C66F2 /* Errors */ = {
			isa = PBXGroup;
			children = (
				87B7504D2E05D902000C66F2 /* FileErrors.swift */,
				87B750492E05B1A2000C66F2 /* ParsingErrors.swift */,
				87B750472E05B196000C66F2 /* AppErrors.swift */,
			);
			path = Errors;
			sourceTree = "<group>";
		};
/* End PBXGroup section */

/* Begin PBXNativeTarget section */
		876617642DFB0C2A008001B4 /* FinanceTamer */ = {
			isa = PBXNativeTarget;
			buildConfigurationList = 876617732DFB0C2C008001B4 /* Build configuration list for PBXNativeTarget "FinanceTamer" */;
			buildPhases = (
				876617612DFB0C2A008001B4 /* Sources */,
				876617622DFB0C2A008001B4 /* Frameworks */,
				876617632DFB0C2A008001B4 /* Resources */,
			);
			buildRules = (
			);
			dependencies = (
			);
			name = FinanceTamer;
			productName = FinanceTamer;
			productReference = 876617652DFB0C2A008001B4 /* FinanceTamer.app */;
			productType = "com.apple.product-type.application";
		};
		876617942DFB9A00008001B4 /* FinanceTamerTests */ = {
			isa = PBXNativeTarget;
			buildConfigurationList = 8766179B2DFB9A00008001B4 /* Build configuration list for PBXNativeTarget "FinanceTamerTests" */;
			buildPhases = (
				876617912DFB9A00008001B4 /* Sources */,
				876617922DFB9A00008001B4 /* Frameworks */,
				876617932DFB9A00008001B4 /* Resources */,
			);
			buildRules = (
			);
			dependencies = (
				8766179A2DFB9A00008001B4 /* PBXTargetDependency */,
			);
			name = FinanceTamerTests;
			productName = FinanceTamerTests;
			productReference = 876617952DFB9A00008001B4 /* FinanceTamerTests.xctest */;
			productType = "com.apple.product-type.bundle.unit-test";
		};
/* End PBXNativeTarget section */

/* Begin PBXProject section */
		8766175D2DFB0C2A008001B4 /* Project object */ = {
			isa = PBXProject;
			attributes = {
				BuildIndependentTargetsInParallel = 1;
				LastSwiftUpdateCheck = 1430;
				LastUpgradeCheck = 1640;
				TargetAttributes = {
					876617642DFB0C2A008001B4 = {
						CreatedOnToolsVersion = 14.3.1;
					};
					876617942DFB9A00008001B4 = {
						CreatedOnToolsVersion = 14.3.1;
						TestTargetID = 876617642DFB0C2A008001B4;
					};
				};
			};
			buildConfigurationList = 876617602DFB0C2A008001B4 /* Build configuration list for PBXProject "FinanceTamer" */;
			compatibilityVersion = "Xcode 14.0";
			developmentRegion = en;
			hasScannedForEncodings = 0;
			knownRegions = (
				en,
				Base,
			);
			mainGroup = 8766175C2DFB0C29008001B4;
			productRefGroup = 876617662DFB0C2A008001B4 /* Products */;
			projectDirPath = "";
			projectRoot = "";
			targets = (
				876617642DFB0C2A008001B4 /* FinanceTamer */,
				876617942DFB9A00008001B4 /* FinanceTamerTests */,
			);
		};
/* End PBXProject section */

/* Begin PBXResourcesBuildPhase section */
		876617632DFB0C2A008001B4 /* Resources */ = {
			isa = PBXResourcesBuildPhase;
			buildActionMask = 2147483647;
			files = (
				876617702DFB0C2C008001B4 /* Preview Assets.xcassets in Resources */,
				8766176D2DFB0C2C008001B4 /* Assets.xcassets in Resources */,
			);
			runOnlyForDeploymentPostprocessing = 0;
		};
		876617932DFB9A00008001B4 /* Resources */ = {
			isa = PBXResourcesBuildPhase;
			buildActionMask = 2147483647;
			files = (
			);
			runOnlyForDeploymentPostprocessing = 0;
		};
/* End PBXResourcesBuildPhase section */

/* Begin PBXSourcesBuildPhase section */
		876617612DFB0C2A008001B4 /* Sources */ = {
			isa = PBXSourcesBuildPhase;
			buildActionMask = 2147483647;
			files = (
				876617832DFB7B1B008001B4 /* Transaction+JSON.swift in Sources */,
				87B7504A2E05B1A4000C66F2 /* ParsingErrors.swift in Sources */,
				87B750482E05B19B000C66F2 /* AppErrors.swift in Sources */,
				8766176B2DFB0C2A008001B4 /* ContentView.swift in Sources */,
				87B750502E060BF5000C66F2 /* Currency.swift in Sources */,
				876617692DFB0C2A008001B4 /* FinanceTamerApp.swift in Sources */,
				876617892DFB8DB7008001B4 /* BankAccountsService.swift in Sources */,
				876617852DFB7F05008001B4 /* TransactionsFileCache.swift in Sources */,
				87B7504E2E05D91A000C66F2 /* FileErrors.swift in Sources */,
				8766178D2DFB971E008001B4 /* Transaction+CSV.swift in Sources */,
				876617812DFB529B008001B4 /* Transaction.swift in Sources */,
				8766177B2DFB199D008001B4 /* Direction.swift in Sources */,
				8766177D2DFB19C2008001B4 /* Category.swift in Sources */,
				8766177F2DFB4798008001B4 /* BankAccount.swift in Sources */,
				8766178B2DFB917F008001B4 /* TransactionsService.swift in Sources */,
				876617872DFB8231008001B4 /* CategoriesService.swift in Sources */,
			);
			runOnlyForDeploymentPostprocessing = 0;
		};
		876617912DFB9A00008001B4 /* Sources */ = {
			isa = PBXSourcesBuildPhase;
			buildActionMask = 2147483647;
			files = (
				8766179F2DFB9A1B008001B4 /* TransactionTests.swift in Sources */,
				876617982DFB9A00008001B4 /* FinanceTamerTests.swift in Sources */,
			);
			runOnlyForDeploymentPostprocessing = 0;
		};
/* End PBXSourcesBuildPhase section */

/* Begin PBXTargetDependency section */
		8766179A2DFB9A00008001B4 /* PBXTargetDependency */ = {
			isa = PBXTargetDependency;
			target = 876617642DFB0C2A008001B4 /* FinanceTamer */;
			targetProxy = 876617992DFB9A00008001B4 /* PBXContainerItemProxy */;
		};
/* End PBXTargetDependency section */

/* Begin XCBuildConfiguration section */
		876617712DFB0C2C008001B4 /* Debug */ = {
			isa = XCBuildConfiguration;
			buildSettings = {
				ALWAYS_SEARCH_USER_PATHS = NO;
				CLANG_ANALYZER_NONNULL = YES;
				CLANG_ANALYZER_NUMBER_OBJECT_CONVERSION = YES_AGGRESSIVE;
				CLANG_CXX_LANGUAGE_STANDARD = "gnu++20";
				CLANG_ENABLE_MODULES = YES;
				CLANG_ENABLE_OBJC_ARC = YES;
				CLANG_ENABLE_OBJC_WEAK = YES;
				CLANG_WARN_BLOCK_CAPTURE_AUTORELEASING = YES;
				CLANG_WARN_BOOL_CONVERSION = YES;
				CLANG_WARN_COMMA = YES;
				CLANG_WARN_CONSTANT_CONVERSION = YES;
				CLANG_WARN_DEPRECATED_OBJC_IMPLEMENTATIONS = YES;
				CLANG_WARN_DIRECT_OBJC_ISA_USAGE = YES_ERROR;
				CLANG_WARN_DOCUMENTATION_COMMENTS = YES;
				CLANG_WARN_EMPTY_BODY = YES;
				CLANG_WARN_ENUM_CONVERSION = YES;
				CLANG_WARN_INFINITE_RECURSION = YES;
				CLANG_WARN_INT_CONVERSION = YES;
				CLANG_WARN_NON_LITERAL_NULL_CONVERSION = YES;
				CLANG_WARN_OBJC_IMPLICIT_RETAIN_SELF = YES;
				CLANG_WARN_OBJC_LITERAL_CONVERSION = YES;
				CLANG_WARN_OBJC_ROOT_CLASS = YES_ERROR;
				CLANG_WARN_QUOTED_INCLUDE_IN_FRAMEWORK_HEADER = YES;
				CLANG_WARN_RANGE_LOOP_ANALYSIS = YES;
				CLANG_WARN_STRICT_PROTOTYPES = YES;
				CLANG_WARN_SUSPICIOUS_MOVE = YES;
				CLANG_WARN_UNGUARDED_AVAILABILITY = YES_AGGRESSIVE;
				CLANG_WARN_UNREACHABLE_CODE = YES;
				CLANG_WARN__DUPLICATE_METHOD_MATCH = YES;
				COPY_PHASE_STRIP = NO;
				DEBUG_INFORMATION_FORMAT = dwarf;
				DEVELOPMENT_TEAM = FUBF9ZAVPM;
				ENABLE_STRICT_OBJC_MSGSEND = YES;
				ENABLE_TESTABILITY = YES;
				ENABLE_USER_SCRIPT_SANDBOXING = YES;
				GCC_C_LANGUAGE_STANDARD = gnu11;
				GCC_DYNAMIC_NO_PIC = NO;
				GCC_NO_COMMON_BLOCKS = YES;
				GCC_OPTIMIZATION_LEVEL = 0;
				GCC_PREPROCESSOR_DEFINITIONS = (
					"DEBUG=1",
					"$(inherited)",
				);
				GCC_WARN_64_TO_32_BIT_CONVERSION = YES;
				GCC_WARN_ABOUT_RETURN_TYPE = YES_ERROR;
				GCC_WARN_UNDECLARED_SELECTOR = YES;
				GCC_WARN_UNINITIALIZED_AUTOS = YES_AGGRESSIVE;
				GCC_WARN_UNUSED_FUNCTION = YES;
				GCC_WARN_UNUSED_VARIABLE = YES;
				IPHONEOS_DEPLOYMENT_TARGET = 16.4;
				MTL_ENABLE_DEBUG_INFO = INCLUDE_SOURCE;
				MTL_FAST_MATH = YES;
				ONLY_ACTIVE_ARCH = YES;
				SDKROOT = iphoneos;
				SWIFT_ACTIVE_COMPILATION_CONDITIONS = DEBUG;
				SWIFT_OPTIMIZATION_LEVEL = "-Onone";
			};
			name = Debug;
		};
		876617722DFB0C2C008001B4 /* Release */ = {
			isa = XCBuildConfiguration;
			buildSettings = {
				ALWAYS_SEARCH_USER_PATHS = NO;
				CLANG_ANALYZER_NONNULL = YES;
				CLANG_ANALYZER_NUMBER_OBJECT_CONVERSION = YES_AGGRESSIVE;
				CLANG_CXX_LANGUAGE_STANDARD = "gnu++20";
				CLANG_ENABLE_MODULES = YES;
				CLANG_ENABLE_OBJC_ARC = YES;
				CLANG_ENABLE_OBJC_WEAK = YES;
				CLANG_WARN_BLOCK_CAPTURE_AUTORELEASING = YES;
				CLANG_WARN_BOOL_CONVERSION = YES;
				CLANG_WARN_COMMA = YES;
				CLANG_WARN_CONSTANT_CONVERSION = YES;
				CLANG_WARN_DEPRECATED_OBJC_IMPLEMENTATIONS = YES;
				CLANG_WARN_DIRECT_OBJC_ISA_USAGE = YES_ERROR;
				CLANG_WARN_DOCUMENTATION_COMMENTS = YES;
				CLANG_WARN_EMPTY_BODY = YES;
				CLANG_WARN_ENUM_CONVERSION = YES;
				CLANG_WARN_INFINITE_RECURSION = YES;
				CLANG_WARN_INT_CONVERSION = YES;
				CLANG_WARN_NON_LITERAL_NULL_CONVERSION = YES;
				CLANG_WARN_OBJC_IMPLICIT_RETAIN_SELF = YES;
				CLANG_WARN_OBJC_LITERAL_CONVERSION = YES;
				CLANG_WARN_OBJC_ROOT_CLASS = YES_ERROR;
				CLANG_WARN_QUOTED_INCLUDE_IN_FRAMEWORK_HEADER = YES;
				CLANG_WARN_RANGE_LOOP_ANALYSIS = YES;
				CLANG_WARN_STRICT_PROTOTYPES = YES;
				CLANG_WARN_SUSPICIOUS_MOVE = YES;
				CLANG_WARN_UNGUARDED_AVAILABILITY = YES_AGGRESSIVE;
				CLANG_WARN_UNREACHABLE_CODE = YES;
				CLANG_WARN__DUPLICATE_METHOD_MATCH = YES;
				COPY_PHASE_STRIP = NO;
				DEBUG_INFORMATION_FORMAT = "dwarf-with-dsym";
				DEVELOPMENT_TEAM = FUBF9ZAVPM;
				ENABLE_NS_ASSERTIONS = NO;
				ENABLE_STRICT_OBJC_MSGSEND = YES;
				ENABLE_USER_SCRIPT_SANDBOXING = YES;
				GCC_C_LANGUAGE_STANDARD = gnu11;
				GCC_NO_COMMON_BLOCKS = YES;
				GCC_WARN_64_TO_32_BIT_CONVERSION = YES;
				GCC_WARN_ABOUT_RETURN_TYPE = YES_ERROR;
				GCC_WARN_UNDECLARED_SELECTOR = YES;
				GCC_WARN_UNINITIALIZED_AUTOS = YES_AGGRESSIVE;
				GCC_WARN_UNUSED_FUNCTION = YES;
				GCC_WARN_UNUSED_VARIABLE = YES;
				IPHONEOS_DEPLOYMENT_TARGET = 16.4;
				MTL_ENABLE_DEBUG_INFO = NO;
				MTL_FAST_MATH = YES;
				SDKROOT = iphoneos;
				SWIFT_COMPILATION_MODE = wholemodule;
				SWIFT_OPTIMIZATION_LEVEL = "-O";
				VALIDATE_PRODUCT = YES;
			};
			name = Release;
		};
		876617742DFB0C2C008001B4 /* Debug */ = {
			isa = XCBuildConfiguration;
			buildSettings = {
				ASSETCATALOG_COMPILER_APPICON_NAME = AppIcon;
				ASSETCATALOG_COMPILER_GLOBAL_ACCENT_COLOR_NAME = AccentColor;
				CODE_SIGN_STYLE = Automatic;
				CURRENT_PROJECT_VERSION = 1;
				DEVELOPMENT_ASSET_PATHS = "\"FinanceTamer/Preview Content\"";
				ENABLE_PREVIEWS = YES;
				GENERATE_INFOPLIST_FILE = YES;
				INFOPLIST_KEY_UIApplicationSceneManifest_Generation = YES;
				INFOPLIST_KEY_UIApplicationSupportsIndirectInputEvents = YES;
				INFOPLIST_KEY_UILaunchScreen_Generation = YES;
				INFOPLIST_KEY_UISupportedInterfaceOrientations_iPad = "UIInterfaceOrientationPortrait UIInterfaceOrientationPortraitUpsideDown UIInterfaceOrientationLandscapeLeft UIInterfaceOrientationLandscapeRight";
				INFOPLIST_KEY_UISupportedInterfaceOrientations_iPhone = "UIInterfaceOrientationPortrait UIInterfaceOrientationLandscapeLeft UIInterfaceOrientationLandscapeRight";
				LD_RUNPATH_SEARCH_PATHS = (
					"$(inherited)",
					"@executable_path/Frameworks",
				);
				MARKETING_VERSION = 1.0;
				PRODUCT_BUNDLE_IDENTIFIER = some.FinanceTamer;
				PRODUCT_NAME = "$(TARGET_NAME)";
				SWIFT_EMIT_LOC_STRINGS = YES;
				SWIFT_VERSION = 5.0;
				TARGETED_DEVICE_FAMILY = "1,2";
			};
			name = Debug;
		};
		876617752DFB0C2C008001B4 /* Release */ = {
			isa = XCBuildConfiguration;
			buildSettings = {
				ASSETCATALOG_COMPILER_APPICON_NAME = AppIcon;
				ASSETCATALOG_COMPILER_GLOBAL_ACCENT_COLOR_NAME = AccentColor;
				CODE_SIGN_STYLE = Automatic;
				CURRENT_PROJECT_VERSION = 1;
				DEVELOPMENT_ASSET_PATHS = "\"FinanceTamer/Preview Content\"";
				ENABLE_PREVIEWS = YES;
				GENERATE_INFOPLIST_FILE = YES;
				INFOPLIST_KEY_UIApplicationSceneManifest_Generation = YES;
				INFOPLIST_KEY_UIApplicationSupportsIndirectInputEvents = YES;
				INFOPLIST_KEY_UILaunchScreen_Generation = YES;
				INFOPLIST_KEY_UISupportedInterfaceOrientations_iPad = "UIInterfaceOrientationPortrait UIInterfaceOrientationPortraitUpsideDown UIInterfaceOrientationLandscapeLeft UIInterfaceOrientationLandscapeRight";
				INFOPLIST_KEY_UISupportedInterfaceOrientations_iPhone = "UIInterfaceOrientationPortrait UIInterfaceOrientationLandscapeLeft UIInterfaceOrientationLandscapeRight";
				LD_RUNPATH_SEARCH_PATHS = (
					"$(inherited)",
					"@executable_path/Frameworks",
				);
				MARKETING_VERSION = 1.0;
				PRODUCT_BUNDLE_IDENTIFIER = some.FinanceTamer;
				PRODUCT_NAME = "$(TARGET_NAME)";
				SWIFT_EMIT_LOC_STRINGS = YES;
				SWIFT_VERSION = 5.0;
				TARGETED_DEVICE_FAMILY = "1,2";
			};
			name = Release;
		};
		8766179C2DFB9A00008001B4 /* Debug */ = {
			isa = XCBuildConfiguration;
			buildSettings = {
				BUNDLE_LOADER = "$(TEST_HOST)";
				CODE_SIGN_STYLE = Automatic;
				CURRENT_PROJECT_VERSION = 1;
				GENERATE_INFOPLIST_FILE = YES;
				MARKETING_VERSION = 1.0;
				PRODUCT_BUNDLE_IDENTIFIER = some.FinanceTamerTests;
				PRODUCT_NAME = "$(TARGET_NAME)";
				SWIFT_EMIT_LOC_STRINGS = NO;
				SWIFT_VERSION = 5.0;
				TARGETED_DEVICE_FAMILY = "1,2";
				TEST_HOST = "$(BUILT_PRODUCTS_DIR)/FinanceTamer.app/$(BUNDLE_EXECUTABLE_FOLDER_PATH)/FinanceTamer";
			};
			name = Debug;
		};
		8766179D2DFB9A00008001B4 /* Release */ = {
			isa = XCBuildConfiguration;
			buildSettings = {
				BUNDLE_LOADER = "$(TEST_HOST)";
				CODE_SIGN_STYLE = Automatic;
				CURRENT_PROJECT_VERSION = 1;
				GENERATE_INFOPLIST_FILE = YES;
				MARKETING_VERSION = 1.0;
				PRODUCT_BUNDLE_IDENTIFIER = some.FinanceTamerTests;
				PRODUCT_NAME = "$(TARGET_NAME)";
				SWIFT_EMIT_LOC_STRINGS = NO;
				SWIFT_VERSION = 5.0;
				TARGETED_DEVICE_FAMILY = "1,2";
				TEST_HOST = "$(BUILT_PRODUCTS_DIR)/FinanceTamer.app/$(BUNDLE_EXECUTABLE_FOLDER_PATH)/FinanceTamer";
			};
			name = Release;
		};
/* End XCBuildConfiguration section */

/* Begin XCConfigurationList section */
		876617602DFB0C2A008001B4 /* Build configuration list for PBXProject "FinanceTamer" */ = {
			isa = XCConfigurationList;
			buildConfigurations = (
				876617712DFB0C2C008001B4 /* Debug */,
				876617722DFB0C2C008001B4 /* Release */,
			);
			defaultConfigurationIsVisible = 0;
			defaultConfigurationName = Release;
		};
		876617732DFB0C2C008001B4 /* Build configuration list for PBXNativeTarget "FinanceTamer" */ = {
			isa = XCConfigurationList;
			buildConfigurations = (
				876617742DFB0C2C008001B4 /* Debug */,
				876617752DFB0C2C008001B4 /* Release */,
			);
			defaultConfigurationIsVisible = 0;
			defaultConfigurationName = Release;
		};
		8766179B2DFB9A00008001B4 /* Build configuration list for PBXNativeTarget "FinanceTamerTests" */ = {
			isa = XCConfigurationList;
			buildConfigurations = (
				8766179C2DFB9A00008001B4 /* Debug */,
				8766179D2DFB9A00008001B4 /* Release */,
			);
			defaultConfigurationIsVisible = 0;
			defaultConfigurationName = Release;
		};
/* End XCConfigurationList section */
	};
	rootObject = 8766175D2DFB0C2A008001B4 /* Project object */;
}
